
Microsoft Visual Studio Solution File, Format Version 12.00
# Visual Studio Version 17
VisualStudioVersion = 17.13.35919.96 d17.13
MinimumVisualStudioVersion = 10.0.40219.1
Project("{FAE04EC0-301F-11D3-BF4B-00C04F79EFBC}") = "Globalhits_assesment", "Globalhits_assesment.csproj", "{47BABC49-4296-4DFA-A4A9-BBEB61D8E248}"
EndProject
Global
	GlobalSection(SolutionConfigurationPlatforms) = preSolution
		Debug|Any CPU = Debug|Any CPU
		Release|Any CPU = Release|Any CPU
	EndGlobalSection
	GlobalSection(ProjectConfigurationPlatforms) = postSolution
		{47BABC49-4296-4DFA-A4A9-BBEB61D8E248}.Debug|Any CPU.ActiveCfg = Debug|Any CPU
		{47BABC49-4296-4DFA-A4A9-BBEB61D8E248}.Debug|Any CPU.Build.0 = Debug|Any CPU
		{47BABC49-4296-4DFA-A4A9-BBEB61D8E248}.Release|Any CPU.ActiveCfg = Release|Any CPU
		{47BABC49-4296-4DFA-A4A9-BBEB61D8E248}.Release|Any CPU.Build.0 = Release|Any CPU
	EndGlobalSection
	GlobalSection(SolutionProperties) = preSolution
		HideSolutionNode = FALSE
	EndGlobalSection
	GlobalSection(ExtensibilityGlobals) = postSolution
		SolutionGuid = {E72A8E75-A9E3-4203-8D5E-A1C3E5B14079}
	EndGlobalSection
EndGlobal
